
Microsoft Visual Studio Solution File, Format Version 12.00
# Visual Studio Version 17
VisualStudioVersion = 17.9.34616.47
MinimumVisualStudioVersion = 10.0.40219.1
Project("{8BC9CEB8-8B4A-11D0-8D11-00A0C91BC942}") = "Agregasi", "Test\Test.vcxproj", "{E36A5707-CFC6-42BF-8481-BDB0E1CA7838}"
EndProject
Project("{8BC9CEB8-8B4A-11D0-8D11-00A0C91BC942}") = "assosiasi", "assosiasi\assosiasi.vcxproj", "{407793D0-BB7E-429E-ABC1-8431AF7E3C3F}"
EndProject
Project("{8BC9CEB8-8B4A-11D0-8D11-00A0C91BC942}") = "Inisiasi", "Inisiasi\Inisiasi.vcxproj", "{8218AB2C-51FA-4D50-8652-84823417E7B4}"
EndProject
Project("{8BC9CEB8-8B4A-11D0-8D11-00A0C91BC942}") = "Komposisi", "Komposisi\Komposisi.vcxproj", "{D24C41CE-9F4E-471B-B2C8-EDDCA1817DC8}"
EndProject
Project("{8BC9CEB8-8B4A-11D0-8D11-00A0C91BC942}") = "Warisan", "Warisan\Warisan.vcxproj", "{206D9376-0F8A-46D5-8848-1DE8460B886B}"
EndProject
Global
	GlobalSection(SolutionConfigurationPlatforms) = preSolution
		Debug|x64 = Debug|x64
		Debug|x86 = Debug|x86
		Release|x64 = Release|x64
		Release|x86 = Release|x86
	EndGlobalSection
	GlobalSection(ProjectConfigurationPlatforms) = postSolution
		{E36A5707-CFC6-42BF-8481-BDB0E1CA7838}.Debug|x64.ActiveCfg = Debug|x64
		{E36A5707-CFC6-42BF-8481-BDB0E1CA7838}.Debug|x64.Build.0 = Debug|x64
		{E36A5707-CFC6-42BF-8481-BDB0E1CA7838}.Debug|x86.ActiveCfg = Debug|Win32
		{E36A5707-CFC6-42BF-8481-BDB0E1CA7838}.Debug|x86.Build.0 = Debug|Win32
		{E36A5707-CFC6-42BF-8481-BDB0E1CA7838}.Release|x64.ActiveCfg = Release|x64
		{E36A5707-CFC6-42BF-8481-BDB0E1CA7838}.Release|x64.Build.0 = Release|x64
		{E36A5707-CFC6-42BF-8481-BDB0E1CA7838}.Release|x86.ActiveCfg = Release|Win32
		{E36A5707-CFC6-42BF-8481-BDB0E1CA7838}.Release|x86.Build.0 = Release|Win32
		{407793D0-BB7E-429E-ABC1-8431AF7E3C3F}.Debug|x64.ActiveCfg = Debug|x64
		{407793D0-BB7E-429E-ABC1-8431AF7E3C3F}.Debug|x64.Build.0 = Debug|x64
		{407793D0-BB7E-429E-ABC1-8431AF7E3C3F}.Debug|x86.ActiveCfg = Debug|Win32
		{407793D0-BB7E-429E-ABC1-8431AF7E3C3F}.Debug|x86.Build.0 = Debug|Win32
		{407793D0-BB7E-429E-ABC1-8431AF7E3C3F}.Release|x64.ActiveCfg = Release|x64
		{407793D0-BB7E-429E-ABC1-8431AF7E3C3F}.Release|x64.Build.0 = Release|x64
		{407793D0-BB7E-429E-ABC1-8431AF7E3C3F}.Release|x86.ActiveCfg = Release|Win32
		{407793D0-BB7E-429E-ABC1-8431AF7E3C3F}.Release|x86.Build.0 = Release|Win32
		{8218AB2C-51FA-4D50-8652-84823417E7B4}.Debug|x64.ActiveCfg = Debug|x64
		{8218AB2C-51FA-4D50-8652-84823417E7B4}.Debug|x64.Build.0 = Debug|x64
		{8218AB2C-51FA-4D50-8652-84823417E7B4}.Debug|x86.ActiveCfg = Debug|Win32
		{8218AB2C-51FA-4D50-8652-84823417E7B4}.Debug|x86.Build.0 = Debug|Win32
		{8218AB2C-51FA-4D50-8652-84823417E7B4}.Release|x64.ActiveCfg = Release|x64
		{8218AB2C-51FA-4D50-8652-84823417E7B4}.Release|x64.Build.0 = Release|x64
		{8218AB2C-51FA-4D50-8652-84823417E7B4}.Release|x86.ActiveCfg = Release|Win32
		{8218AB2C-51FA-4D50-8652-84823417E7B4}.Release|x86.Build.0 = Release|Win32
		{D24C41CE-9F4E-471B-B2C8-EDDCA1817DC8}.Debug|x64.ActiveCfg = Debug|x64
		{D24C41CE-9F4E-471B-B2C8-EDDCA1817DC8}.Debug|x64.Build.0 = Debug|x64
		{D24C41CE-9F4E-471B-B2C8-EDDCA1817DC8}.Debug|x86.ActiveCfg = Debug|Win32
		{D24C41CE-9F4E-471B-B2C8-EDDCA1817DC8}.Debug|x86.Build.0 = Debug|Win32
		{D24C41CE-9F4E-471B-B2C8-EDDCA1817DC8}.Release|x64.ActiveCfg = Release|x64
		{D24C41CE-9F4E-471B-B2C8-EDDCA1817DC8}.Release|x64.Build.0 = Release|x64
		{D24C41CE-9F4E-471B-B2C8-EDDCA1817DC8}.Release|x86.ActiveCfg = Release|Win32
		{D24C41CE-9F4E-471B-B2C8-EDDCA1817DC8}.Release|x86.Build.0 = Release|Win32
		{206D9376-0F8A-46D5-8848-1DE8460B886B}.Debug|x64.ActiveCfg = Debug|x64
		{206D9376-0F8A-46D5-8848-1DE8460B886B}.Debug|x64.Build.0 = Debug|x64
		{206D9376-0F8A-46D5-8848-1DE8460B886B}.Debug|x86.ActiveCfg = Debug|Win32
		{206D9376-0F8A-46D5-8848-1DE8460B886B}.Debug|x86.Build.0 = Debug|Win32
		{206D9376-0F8A-46D5-8848-1DE8460B886B}.Release|x64.ActiveCfg = Release|x64
		{206D9376-0F8A-46D5-8848-1DE8460B886B}.Release|x64.Build.0 = Release|x64
		{206D9376-0F8A-46D5-8848-1DE8460B886B}.Release|x86.ActiveCfg = Release|Win32
		{206D9376-0F8A-46D5-8848-1DE8460B886B}.Release|x86.Build.0 = Release|Win32
	EndGlobalSection
	GlobalSection(SolutionProperties) = preSolution
		HideSolutionNode = FALSE
	EndGlobalSection
	GlobalSection(ExtensibilityGlobals) = postSolution
		SolutionGuid = {2E326A29-7463-4596-93AC-0AE65AAA4E3C}
	EndGlobalSection
EndGlobal
